
Microsoft Visual Studio Solution File, Format Version 12.00
# Visual Studio Version 17
VisualStudioVersion = 17.2.32630.192
MinimumVisualStudioVersion = 10.0.40219.1
Project("{9A19103F-16F7-4668-BE54-9A1E7A4F7556}") = "MyHomeWebApi", "MyHomeWebApi\MyHomeWebApi.csproj", "{7B999891-5388-4544-A771-217054139D00}"
	ProjectSection(ProjectDependencies) = postProject
		{5A297514-CB58-4388-A89F-86F4816C745A} = {5A297514-CB58-4388-A89F-86F4816C745A}
	EndProjectSection
EndProject
Project("{9A19103F-16F7-4668-BE54-9A1E7A4F7556}") = "MyHomeLib", "MyHomeLib\MyHomeLib.csproj", "{D763E590-F9BF-4935-AA49-2AF3FE6F5514}"
	ProjectSection(ProjectDependencies) = postProject
		{5A297514-CB58-4388-A89F-86F4816C745A} = {5A297514-CB58-4388-A89F-86F4816C745A}
	EndProjectSection
EndProject
Project("{8BC9CEB8-8B4A-11D0-8D11-00A0C91BC942}") = "MyHomeApi", "MyHomeApi\MyHomeApi.vcxproj", "{5A297514-CB58-4388-A89F-86F4816C745A}"
EndProject
Project("{8BC9CEB8-8B4A-11D0-8D11-00A0C91BC942}") = "TestCOMClient", "TestCOMClient\TestCOMClient.vcxproj", "{103DF118-26BB-4DAB-B87B-FB711990B247}"
	ProjectSection(ProjectDependencies) = postProject
		{5A297514-CB58-4388-A89F-86F4816C745A} = {5A297514-CB58-4388-A89F-86F4816C745A}
	EndProjectSection
EndProject
Project("{FAE04EC0-301F-11D3-BF4B-00C04F79EFBC}") = "MyHomeApp.Android", "MyHomeApp\MyHomeApp.Android\MyHomeApp.Android.csproj", "{4A4B3C9C-AF86-442A-A032-373D22280DC7}"
EndProject
Project("{9A19103F-16F7-4668-BE54-9A1E7A4F7556}") = "MyHomeApp", "MyHomeApp\MyHomeApp\MyHomeApp.csproj", "{F6528530-5EAC-42EA-AE62-8D428645724A}"
EndProject
Project("{FAE04EC0-301F-11D3-BF4B-00C04F79EFBC}") = "TestSharpProject", "TestSharpProject\TestSharpProject.csproj", "{26B5D4DB-116A-4EB8-B100-823FBBF5C1E0}"
EndProject
Global
	GlobalSection(SolutionConfigurationPlatforms) = preSolution
		Debug|Any CPU = Debug|Any CPU
		Debug|x64 = Debug|x64
		Debug|x86 = Debug|x86
		Release|Any CPU = Release|Any CPU
		Release|x64 = Release|x64
		Release|x86 = Release|x86
	EndGlobalSection
	GlobalSection(ProjectConfigurationPlatforms) = postSolution
		{7B999891-5388-4544-A771-217054139D00}.Debug|Any CPU.ActiveCfg = Debug|Any CPU
		{7B999891-5388-4544-A771-217054139D00}.Debug|Any CPU.Build.0 = Debug|Any CPU
		{7B999891-5388-4544-A771-217054139D00}.Debug|x64.ActiveCfg = Debug|Any CPU
		{7B999891-5388-4544-A771-217054139D00}.Debug|x64.Build.0 = Debug|Any CPU
		{7B999891-5388-4544-A771-217054139D00}.Debug|x86.ActiveCfg = Debug|Any CPU
		{7B999891-5388-4544-A771-217054139D00}.Debug|x86.Build.0 = Debug|Any CPU
		{7B999891-5388-4544-A771-217054139D00}.Release|Any CPU.ActiveCfg = Release|Any CPU
		{7B999891-5388-4544-A771-217054139D00}.Release|Any CPU.Build.0 = Release|Any CPU
		{7B999891-5388-4544-A771-217054139D00}.Release|x64.ActiveCfg = Release|Any CPU
		{7B999891-5388-4544-A771-217054139D00}.Release|x64.Build.0 = Release|Any CPU
		{7B999891-5388-4544-A771-217054139D00}.Release|x86.ActiveCfg = Release|Any CPU
		{7B999891-5388-4544-A771-217054139D00}.Release|x86.Build.0 = Release|Any CPU
		{D763E590-F9BF-4935-AA49-2AF3FE6F5514}.Debug|Any CPU.ActiveCfg = Debug|Any CPU
		{D763E590-F9BF-4935-AA49-2AF3FE6F5514}.Debug|Any CPU.Build.0 = Debug|Any CPU
		{D763E590-F9BF-4935-AA49-2AF3FE6F5514}.Debug|x64.ActiveCfg = Debug|Any CPU
		{D763E590-F9BF-4935-AA49-2AF3FE6F5514}.Debug|x64.Build.0 = Debug|Any CPU
		{D763E590-F9BF-4935-AA49-2AF3FE6F5514}.Debug|x86.ActiveCfg = Debug|Any CPU
		{D763E590-F9BF-4935-AA49-2AF3FE6F5514}.Debug|x86.Build.0 = Debug|Any CPU
		{D763E590-F9BF-4935-AA49-2AF3FE6F5514}.Release|Any CPU.ActiveCfg = Release|Any CPU
		{D763E590-F9BF-4935-AA49-2AF3FE6F5514}.Release|Any CPU.Build.0 = Release|Any CPU
		{D763E590-F9BF-4935-AA49-2AF3FE6F5514}.Release|x64.ActiveCfg = Release|Any CPU
		{D763E590-F9BF-4935-AA49-2AF3FE6F5514}.Release|x64.Build.0 = Release|Any CPU
		{D763E590-F9BF-4935-AA49-2AF3FE6F5514}.Release|x86.ActiveCfg = Release|Any CPU
		{D763E590-F9BF-4935-AA49-2AF3FE6F5514}.Release|x86.Build.0 = Release|Any CPU
		{5A297514-CB58-4388-A89F-86F4816C745A}.Debug|Any CPU.ActiveCfg = Debug|x64
		{5A297514-CB58-4388-A89F-86F4816C745A}.Debug|Any CPU.Build.0 = Debug|x64
		{5A297514-CB58-4388-A89F-86F4816C745A}.Debug|x64.ActiveCfg = Debug|x64
		{5A297514-CB58-4388-A89F-86F4816C745A}.Debug|x64.Build.0 = Debug|x64
		{5A297514-CB58-4388-A89F-86F4816C745A}.Debug|x86.ActiveCfg = Debug|Win32
		{5A297514-CB58-4388-A89F-86F4816C745A}.Debug|x86.Build.0 = Debug|Win32
		{5A297514-CB58-4388-A89F-86F4816C745A}.Release|Any CPU.ActiveCfg = Release|x64
		{5A297514-CB58-4388-A89F-86F4816C745A}.Release|Any CPU.Build.0 = Release|x64
		{5A297514-CB58-4388-A89F-86F4816C745A}.Release|x64.ActiveCfg = Release|x64
		{5A297514-CB58-4388-A89F-86F4816C745A}.Release|x64.Build.0 = Release|x64
		{5A297514-CB58-4388-A89F-86F4816C745A}.Release|x86.ActiveCfg = Release|Win32
		{5A297514-CB58-4388-A89F-86F4816C745A}.Release|x86.Build.0 = Release|Win32
		{103DF118-26BB-4DAB-B87B-FB711990B247}.Debug|Any CPU.ActiveCfg = Debug|x64
		{103DF118-26BB-4DAB-B87B-FB711990B247}.Debug|Any CPU.Build.0 = Debug|x64
		{103DF118-26BB-4DAB-B87B-FB711990B247}.Debug|x64.ActiveCfg = Debug|x64
		{103DF118-26BB-4DAB-B87B-FB711990B247}.Debug|x64.Build.0 = Debug|x64
		{103DF118-26BB-4DAB-B87B-FB711990B247}.Debug|x86.ActiveCfg = Debug|Win32
		{103DF118-26BB-4DAB-B87B-FB711990B247}.Debug|x86.Build.0 = Debug|Win32
		{103DF118-26BB-4DAB-B87B-FB711990B247}.Release|Any CPU.ActiveCfg = Release|x64
		{103DF118-26BB-4DAB-B87B-FB711990B247}.Release|Any CPU.Build.0 = Release|x64
		{103DF118-26BB-4DAB-B87B-FB711990B247}.Release|x64.ActiveCfg = Release|x64
		{103DF118-26BB-4DAB-B87B-FB711990B247}.Release|x64.Build.0 = Release|x64
		{103DF118-26BB-4DAB-B87B-FB711990B247}.Release|x86.ActiveCfg = Release|Win32
		{103DF118-26BB-4DAB-B87B-FB711990B247}.Release|x86.Build.0 = Release|Win32
		{4A4B3C9C-AF86-442A-A032-373D22280DC7}.Debug|Any CPU.ActiveCfg = Debug|Any CPU
		{4A4B3C9C-AF86-442A-A032-373D22280DC7}.Debug|Any CPU.Build.0 = Debug|Any CPU
		{4A4B3C9C-AF86-442A-A032-373D22280DC7}.Debug|Any CPU.Deploy.0 = Debug|Any CPU
		{4A4B3C9C-AF86-442A-A032-373D22280DC7}.Debug|x64.ActiveCfg = Debug|Any CPU
		{4A4B3C9C-AF86-442A-A032-373D22280DC7}.Debug|x64.Build.0 = Debug|Any CPU
		{4A4B3C9C-AF86-442A-A032-373D22280DC7}.Debug|x64.Deploy.0 = Debug|Any CPU
		{4A4B3C9C-AF86-442A-A032-373D22280DC7}.Debug|x86.ActiveCfg = Debug|Any CPU
		{4A4B3C9C-AF86-442A-A032-373D22280DC7}.Debug|x86.Build.0 = Debug|Any CPU
		{4A4B3C9C-AF86-442A-A032-373D22280DC7}.Debug|x86.Deploy.0 = Debug|Any CPU
		{4A4B3C9C-AF86-442A-A032-373D22280DC7}.Release|Any CPU.ActiveCfg = Release|Any CPU
		{4A4B3C9C-AF86-442A-A032-373D22280DC7}.Release|Any CPU.Build.0 = Release|Any CPU
		{4A4B3C9C-AF86-442A-A032-373D22280DC7}.Release|Any CPU.Deploy.0 = Release|Any CPU
		{4A4B3C9C-AF86-442A-A032-373D22280DC7}.Release|x64.ActiveCfg = Release|Any CPU
		{4A4B3C9C-AF86-442A-A032-373D22280DC7}.Release|x64.Build.0 = Release|Any CPU
		{4A4B3C9C-AF86-442A-A032-373D22280DC7}.Release|x64.Deploy.0 = Release|Any CPU
		{4A4B3C9C-AF86-442A-A032-373D22280DC7}.Release|x86.ActiveCfg = Release|Any CPU
		{4A4B3C9C-AF86-442A-A032-373D22280DC7}.Release|x86.Build.0 = Release|Any CPU
		{4A4B3C9C-AF86-442A-A032-373D22280DC7}.Release|x86.Deploy.0 = Release|Any CPU
		{F6528530-5EAC-42EA-AE62-8D428645724A}.Debug|Any CPU.ActiveCfg = Debug|Any CPU
		{F6528530-5EAC-42EA-AE62-8D428645724A}.Debug|Any CPU.Build.0 = Debug|Any CPU
		{F6528530-5EAC-42EA-AE62-8D428645724A}.Debug|x64.ActiveCfg = Debug|Any CPU
		{F6528530-5EAC-42EA-AE62-8D428645724A}.Debug|x64.Build.0 = Debug|Any CPU
		{F6528530-5EAC-42EA-AE62-8D428645724A}.Debug|x86.ActiveCfg = Debug|Any CPU
		{F6528530-5EAC-42EA-AE62-8D428645724A}.Debug|x86.Build.0 = Debug|Any CPU
		{F6528530-5EAC-42EA-AE62-8D428645724A}.Release|Any CPU.ActiveCfg = Release|Any CPU
		{F6528530-5EAC-42EA-AE62-8D428645724A}.Release|Any CPU.Build.0 = Release|Any CPU
		{F6528530-5EAC-42EA-AE62-8D428645724A}.Release|x64.ActiveCfg = Release|Any CPU
		{F6528530-5EAC-42EA-AE62-8D428645724A}.Release|x64.Build.0 = Release|Any CPU
		{F6528530-5EAC-42EA-AE62-8D428645724A}.Release|x86.ActiveCfg = Release|Any CPU
		{F6528530-5EAC-42EA-AE62-8D428645724A}.Release|x86.Build.0 = Release|Any CPU
		{26B5D4DB-116A-4EB8-B100-823FBBF5C1E0}.Debug|Any CPU.ActiveCfg = Debug|Any CPU
		{26B5D4DB-116A-4EB8-B100-823FBBF5C1E0}.Debug|Any CPU.Build.0 = Debug|Any CPU
		{26B5D4DB-116A-4EB8-B100-823FBBF5C1E0}.Debug|x64.ActiveCfg = Debug|Any CPU
		{26B5D4DB-116A-4EB8-B100-823FBBF5C1E0}.Debug|x64.Build.0 = Debug|Any CPU
		{26B5D4DB-116A-4EB8-B100-823FBBF5C1E0}.Debug|x86.ActiveCfg = Debug|Any CPU
		{26B5D4DB-116A-4EB8-B100-823FBBF5C1E0}.Debug|x86.Build.0 = Debug|Any CPU
		{26B5D4DB-116A-4EB8-B100-823FBBF5C1E0}.Release|Any CPU.ActiveCfg = Release|Any CPU
		{26B5D4DB-116A-4EB8-B100-823FBBF5C1E0}.Release|Any CPU.Build.0 = Release|Any CPU
		{26B5D4DB-116A-4EB8-B100-823FBBF5C1E0}.Release|x64.ActiveCfg = Release|Any CPU
		{26B5D4DB-116A-4EB8-B100-823FBBF5C1E0}.Release|x64.Build.0 = Release|Any CPU
		{26B5D4DB-116A-4EB8-B100-823FBBF5C1E0}.Release|x86.ActiveCfg = Release|Any CPU
		{26B5D4DB-116A-4EB8-B100-823FBBF5C1E0}.Release|x86.Build.0 = Release|Any CPU
	EndGlobalSection
	GlobalSection(SolutionProperties) = preSolution
		HideSolutionNode = FALSE
	EndGlobalSection
	GlobalSection(ExtensibilityGlobals) = postSolution
		SolutionGuid = {1702AD17-7899-4678-99FB-A1C25466859A}
	EndGlobalSection
EndGlobal
